<?xml version="1.0" encoding="utf-8"?>
<Project ToolsVersion="4.0" xmlns="http://schemas.microsoft.com/developer/msbuild/2003">
  <ItemGroup>
    <Filter Include="Source Files">
      <UniqueIdentifier>{4FC737F1-C7A5-4376-A066-2A32D752A2FF}</UniqueIdentifier>
      <Extensions>cpp;c;cc;cxx;c++;cppm;ixx;def;odl;idl;hpj;bat;asm;asmx</Extensions>
    </Filter>
    <Filter Include="Header Files">
      <UniqueIdentifier>{93995380-89BD-4b04-88EB-625FBE52EBFB}</UniqueIdentifier>
      <Extensions>h;hh;hpp;hxx;h++;hm;inl;inc;ipp;xsd</Extensions>
    </Filter>
    <Filter Include="Resource Files">
      <UniqueIdentifier>{67DA6AB6-F800-4c08-8B7A-83BB121AAD01}</UniqueIdentifier>
      <Extensions>rc;ico;cur;bmp;dlg;rc2;rct;bin;rgs;gif;jpg;jpeg;jpe;resx;tiff;tif;png;wav;mfcribbon-ms</Extensions>
    </Filter>
  </ItemGroup>
  <ItemGroup>
    <ClCompile Include="\\Mac\Home\Desktop\מדמח\newTetris\Board.cpp">
      <Filter>Source Files</Filter>
    </ClCompile>
    <ClCompile Include="\\Mac\Home\Desktop\מדמח\newTetris\Bomb.cpp">
      <Filter>Source Files</Filter>
    </ClCompile>
    <ClCompile Include="\\Mac\Home\Desktop\מדמח\newTetris\ComputerPlayer.cpp">
      <Filter>Source Files</Filter>
    </ClCompile>
    <ClCompile Include="\\Mac\Home\Desktop\מדמח\newTetris\gotoxy.cpp">
      <Filter>Source Files</Filter>
    </ClCompile>
    <ClCompile Include="\\Mac\Home\Desktop\מדמח\newTetris\HumanPlayer.cpp">
      <Filter>Source Files</Filter>
    </ClCompile>
    <ClCompile Include="\\Mac\Home\Desktop\מדמח\newTetris\LleftShape.cpp">
      <Filter>Source Files</Filter>
    </ClCompile>
    <ClCompile Include="\\Mac\Home\Desktop\מדמח\newTetris\LrightShape.cpp">
      <Filter>Source Files</Filter>
    </ClCompile>
    <ClCompile Include="\\Mac\Home\Desktop\מדמח\newTetris\main.cpp">
      <Filter>Source Files</Filter>
    </ClCompile>
    <ClCompile Include="\\Mac\Home\Desktop\מדמח\newTetris\Menu.cpp">
      <Filter>Source Files</Filter>
    </ClCompile>
    <ClCompile Include="\\Mac\Home\Desktop\מדמח\newTetris\Objects.cpp">
      <Filter>Source Files</Filter>
    </ClCompile>
    <ClCompile Include="\\Mac\Home\Desktop\מדמח\newTetris\Player.cpp">
      <Filter>Source Files</Filter>
    </ClCompile>
    <ClCompile Include="\\Mac\Home\Desktop\מדמח\newTetris\PlusShape.cpp">
      <Filter>Source Files</Filter>
    </ClCompile>
    <ClCompile Include="\\Mac\Home\Desktop\מדמח\newTetris\Point.cpp">
      <Filter>Source Files</Filter>
    </ClCompile>
    <ClCompile Include="\\Mac\Home\Desktop\מדמח\newTetris\RowShape.cpp">
      <Filter>Source Files</Filter>
    </ClCompile>
    <ClCompile Include="\\Mac\Home\Desktop\מדמח\newTetris\Shape.cpp">
      <Filter>Source Files</Filter>
    </ClCompile>
    <ClCompile Include="\\Mac\Home\Desktop\מדמח\newTetris\ShapesArray.cpp">
      <Filter>Source Files</Filter>
    </ClCompile>
    <ClCompile Include="\\Mac\Home\Desktop\מדמח\newTetris\Square.cpp">
      <Filter>Source Files</Filter>
    </ClCompile>
    <ClCompile Include="\\Mac\Home\Desktop\מדמח\newTetris\TetrisGame.cpp">
      <Filter>Source Files</Filter>
    </ClCompile>
    <ClCompile Include="\\Mac\Home\Desktop\מדמח\newTetris\ZleftShape.cpp">
      <Filter>Source Files</Filter>
    </ClCompile>
    <ClCompile Include="\\Mac\Home\Desktop\מדמח\newTetris\ZrightShape.cpp">
      <Filter>Source Files</Filter>
    </ClCompile>
  </ItemGroup>
  <ItemGroup>
    <ClInclude Include="\\Mac\Home\Desktop\מדמח\newTetris\Board.h">
      <Filter>Header Files</Filter>
    </ClInclude>
    <ClInclude Include="\\Mac\Home\Desktop\מדמח\newTetris\Bomb.h">
      <Filter>Header Files</Filter>
    </ClInclude>
    <ClInclude Include="\\Mac\Home\Desktop\מדמח\newTetris\ComputerPlayer.h">
      <Filter>Header Files</Filter>
    </ClInclude>
    <ClInclude Include="\\Mac\Home\Desktop\מדמח\newTetris\enum.h">
      <Filter>Header Files</Filter>
    </ClInclude>
    <ClInclude Include="\\Mac\Home\Desktop\מדמח\newTetris\gotoxy.h">
      <Filter>Header Files</Filter>
    </ClInclude>
    <ClInclude Include="\\Mac\Home\Desktop\מדמח\newTetris\HumanPlayer.h">
      <Filter>Header Files</Filter>
    </ClInclude>
    <ClInclude Include="\\Mac\Home\Desktop\מדמח\newTetris\LleftShape.h">
      <Filter>Header Files</Filter>
    </ClInclude>
    <ClInclude Include="\\Mac\Home\Desktop\מדמח\newTetris\LrightShape.h">
      <Filter>Header Files</Filter>
    </ClInclude>
    <ClInclude Include="\\Mac\Home\Desktop\מדמח\newTetris\Menu.h">
      <Filter>Header Files</Filter>
    </ClInclude>
    <ClInclude Include="\\Mac\Home\Desktop\מדמח\newTetris\Objects.h">
      <Filter>Header Files</Filter>
    </ClInclude>
    <ClInclude Include="\\Mac\Home\Desktop\מדמח\newTetris\Player.h">
      <Filter>Header Files</Filter>
    </ClInclude>
    <ClInclude Include="\\Mac\Home\Desktop\מדמח\newTetris\PlusShape.h">
      <Filter>Header Files</Filter>
    </ClInclude>
    <ClInclude Include="\\Mac\Home\Desktop\מדמח\newTetris\Point.h">
      <Filter>Header Files</Filter>
    </ClInclude>
    <ClInclude Include="\\Mac\Home\Desktop\מדמח\newTetris\RowShape.h">
      <Filter>Header Files</Filter>
    </ClInclude>
    <ClInclude Include="\\Mac\Home\Desktop\מדמח\newTetris\Shape.h">
      <Filter>Header Files</Filter>
    </ClInclude>
    <ClInclude Include="\\Mac\Home\Desktop\מדמח\newTetris\ShapesArray.h">
      <Filter>Header Files</Filter>
    </ClInclude>
    <ClInclude Include="\\Mac\Home\Desktop\מדמח\newTetris\Square.h">
      <Filter>Header Files</Filter>
    </ClInclude>
    <ClInclude Include="\\Mac\Home\Desktop\מדמח\newTetris\TetrisGame.h">
      <Filter>Header Files</Filter>
    </ClInclude>
    <ClInclude Include="\\Mac\Home\Desktop\מדמח\newTetris\ZleftShape.h">
      <Filter>Header Files</Filter>
    </ClInclude>
    <ClInclude Include="\\Mac\Home\Desktop\מדמח\newTetris\ZrightShape.h">
      <Filter>Header Files</Filter>
    </ClInclude>
  </ItemGroup>
</Project>